// !$*UTF8*$!
{
	archiveVersion = 1;
	classes = {
	};
	objectVersion = 77;
	objects = {

/* Begin PBXBuildFile section */
		FD35FB142F831EF000824B8C /* libwatcherlib.a in Frameworks */ = {isa = PBXBuildFile; fileRef = FD35FB072F831D8800824B8C /* libwatcherlib.a */; };
		FD35FB222F831FE100824B8C /* libwatcherlib.a in Frameworks */ = {isa = PBXBuildFile; fileRef = FD35FB072F831D8800824B8C /* libwatcherlib.a */; };
/* End PBXBuildFile section */

/* Begin PBXContainerItemProxy section */
		FD35FB112F831DCF00824B8C /* PBXContainerItemProxy */ = {
			isa = PBXContainerItemProxy;
			containerPortal = FD3E170E2E02C9F600309224 /* Project object */;
			proxyType = 1;
			remoteGlobalIDString = FD35FB062F831D8800824B8C;
			remoteInfo = watcherlib;
		};
		FD35FB232F831FE100824B8C /* PBXContainerItemProxy */ = {
			isa = PBXContainerItemProxy;
			containerPortal = FD3E170E2E02C9F600309224 /* Project object */;
			proxyType = 1;
			remoteGlobalIDString = FD35FB062F831D8800824B8C;
			remoteInfo = watcherlib;
		};
/* End PBXContainerItemProxy section */

/* Begin PBXCopyFilesBuildPhase section */
		FD3E17142E02C9F600309224 /* CopyFiles */ = {
			isa = PBXCopyFilesBuildPhase;
			buildActionMask = 2147483647;
			dstPath = /usr/share/man/man1/;
			dstSubfolderSpec = 0;
			files = (
			);
			runOnlyForDeploymentPostprocessing = 1;
		};
/* End PBXCopyFilesBuildPhase section */

/* Begin PBXFileReference section */
		FD35FB072F831D8800824B8C /* libwatcherlib.a */ = {isa = PBXFileReference; explicitFileType = archive.ar; includeInIndex = 0; path = libwatcherlib.a; sourceTree = BUILT_PRODUCTS_DIR; };
		FD35FB1E2F831FE100824B8C /* tests.xctest */ = {isa = PBXFileReference; explicitFileType = wrapper.cfbundle; includeInIndex = 0; path = tests.xctest; sourceTree = BUILT_PRODUCTS_DIR; };
		FD35FB4B2F8320E400824B8C /* TestPlan.xctestplan */ = {isa = PBXFileReference; lastKnownFileType = text; name = TestPlan.xctestplan; path = tests/TestPlan.xctestplan; sourceTree = "<group>"; };
		FD3E17162E02C9F600309224 /* bandcamp_watcher */ = {isa = PBXFileReference; explicitFileType = "compiled.mach-o.executable"; includeInIndex = 0; path = bandcamp_watcher; sourceTree = BUILT_PRODUCTS_DIR; };
/* End PBXFileReference section */

/* Begin PBXFileSystemSynchronizedBuildFileExceptionSet section */
		FD35FB0F2F831DAE00824B8C /* Exceptions for "bandcamp_watcher" folder in "watcherlib" target */ = {
			isa = PBXFileSystemSynchronizedBuildFileExceptionSet;
			membershipExceptions = (
				lib/bandcamp.c,
				lib/bandcamp.h,
				lib/config.c,
				lib/copy.c,
				lib/copy.h,
				lib/folder.c,
				lib/folder.h,
				lib/log.c,
				lib/log.h,
				lib/qobuz.c,
				lib/qobuz.h,
				lib/utils.c,
				lib/utils.h,
			);
			publicHeaders = (
				lib/bandcamp.h,
				lib/copy.h,
				lib/folder.h,
				lib/log.h,
				lib/qobuz.h,
				lib/utils.h,
			);
			target = FD35FB062F831D8800824B8C /* watcherlib */;
		};
		FD35FB102F831DC800824B8C /* Exceptions for "bandcamp_watcher" folder in "bandcamp_watcher" target */ = {
			isa = PBXFileSystemSynchronizedBuildFileExceptionSet;
			membershipExceptions = (
				lib/bandcamp.c,
				lib/config.c,
				lib/copy.c,
				lib/folder.c,
				lib/log.c,
				lib/qobuz.c,
				lib/utils.c,
			);
			target = FD3E17152E02C9F600309224 /* bandcamp_watcher */;
		};
/* End PBXFileSystemSynchronizedBuildFileExceptionSet section */

/* Begin PBXFileSystemSynchronizedRootGroup section */
		FD35FB1F2F831FE100824B8C /* tests */ = {
			isa = PBXFileSystemSynchronizedRootGroup;
			path = tests;
			sourceTree = "<group>";
		};
		FD3E17182E02C9F600309224 /* bandcamp_watcher */ = {
			isa = PBXFileSystemSynchronizedRootGroup;
			exceptions = (
				FD35FB102F831DC800824B8C /* Exceptions for "bandcamp_watcher" folder in "bandcamp_watcher" target */,
				FD35FB0F2F831DAE00824B8C /* Exceptions for "bandcamp_watcher" folder in "watcherlib" target */,
			);
			path = bandcamp_watcher;
			sourceTree = "<group>";
		};
/* End PBXFileSystemSynchronizedRootGroup section */

/* Begin PBXFrameworksBuildPhase section */
		FD35FB052F831D8800824B8C /* Frameworks */ = {
			isa = PBXFrameworksBuildPhase;
			buildActionMask = 2147483647;
			files = (
			);
			runOnlyForDeploymentPostprocessing = 0;
		};
		FD35FB1B2F831FE100824B8C /* Frameworks */ = {
			isa = PBXFrameworksBuildPhase;
			buildActionMask = 2147483647;
			files = (
				FD35FB222F831FE100824B8C /* libwatcherlib.a in Frameworks */,
			);
			runOnlyForDeploymentPostprocessing = 0;
		};
		FD3E17132E02C9F600309224 /* Frameworks */ = {
			isa = PBXFrameworksBuildPhase;
			buildActionMask = 2147483647;
			files = (
				FD35FB142F831EF000824B8C /* libwatcherlib.a in Frameworks */,
			);
			runOnlyForDeploymentPostprocessing = 0;
		};
/* End PBXFrameworksBuildPhase section */

/* Begin PBXGroup section */
		FD35FB132F831EF000824B8C /* Frameworks */ = {
			isa = PBXGroup;
			children = (
			);
			name = Frameworks;
			sourceTree = "<group>";
		};
		FD3E170D2E02C9F600309224 = {
			isa = PBXGroup;
			children = (
				FD35FB4B2F8320E400824B8C /* TestPlan.xctestplan */,
				FD3E17182E02C9F600309224 /* bandcamp_watcher */,
				FD35FB1F2F831FE100824B8C /* tests */,
				FD35FB132F831EF000824B8C /* Frameworks */,
				FD3E17172E02C9F600309224 /* Products */,
			);
			sourceTree = "<group>";
		};
		FD3E17172E02C9F600309224 /* Products */ = {
			isa = PBXGroup;
			children = (
				FD3E17162E02C9F600309224 /* bandcamp_watcher */,
				FD35FB072F831D8800824B8C /* libwatcherlib.a */,
				FD35FB1E2F831FE100824B8C /* tests.xctest */,
			);
			name = Products;
			sourceTree = "<group>";
		};
/* End PBXGroup section */

/* Begin PBXHeadersBuildPhase section */
		FD35FB032F831D8800824B8C /* Headers */ = {
			isa = PBXHeadersBuildPhase;
			buildActionMask = 2147483647;
			files = (
			);
			runOnlyForDeploymentPostprocessing = 0;
		};
/* End PBXHeadersBuildPhase section */

/* Begin PBXNativeTarget section */
		FD35FB062F831D8800824B8C /* watcherlib */ = {
			isa = PBXNativeTarget;
			buildConfigurationList = FD35FB0A2F831D8800824B8C /* Build configuration list for PBXNativeTarget "watcherlib" */;
			buildPhases = (
				FD35FB032F831D8800824B8C /* Headers */,
				FD35FB042F831D8800824B8C /* Sources */,
				FD35FB052F831D8800824B8C /* Frameworks */,
			);
			buildRules = (
			);
			dependencies = (
			);
			name = watcherlib;
			packageProductDependencies = (
			);
			productName = watcherlib;
			productReference = FD35FB072F831D8800824B8C /* libwatcherlib.a */;
			productType = "com.apple.product-type.library.static";
		};
		FD35FB1D2F831FE100824B8C /* tests */ = {
			isa = PBXNativeTarget;
			buildConfigurationList = FD35FB252F831FE100824B8C /* Build configuration list for PBXNativeTarget "tests" */;
			buildPhases = (
				FD35FB1A2F831FE100824B8C /* Sources */,
				FD35FB1B2F831FE100824B8C /* Frameworks */,
				FD35FB1C2F831FE100824B8C /* Resources */,
			);
			buildRules = (
			);
			dependencies = (
				FD35FB242F831FE100824B8C /* PBXTargetDependency */,
			);
			fileSystemSynchronizedGroups = (
				FD35FB1F2F831FE100824B8C /* tests */,
			);
			name = tests;
			packageProductDependencies = (
			);
			productName = tests;
			productReference = FD35FB1E2F831FE100824B8C /* tests.xctest */;
			productType = "com.apple.product-type.bundle.unit-test";
		};
		FD3E17152E02C9F600309224 /* bandcamp_watcher */ = {
			isa = PBXNativeTarget;
			buildConfigurationList = FD3E171D2E02C9F600309224 /* Build configuration list for PBXNativeTarget "bandcamp_watcher" */;
			buildPhases = (
				FD3E17122E02C9F600309224 /* Sources */,
				FD3E17132E02C9F600309224 /* Frameworks */,
				FD3E17142E02C9F600309224 /* CopyFiles */,
			);
			buildRules = (
			);
			dependencies = (
				FD35FB122F831DCF00824B8C /* PBXTargetDependency */,
			);
			fileSystemSynchronizedGroups = (
				FD3E17182E02C9F600309224 /* bandcamp_watcher */,
			);
			name = bandcamp_watcher;
			packageProductDependencies = (
			);
			productName = bandcamp_watcher;
			productReference = FD3E17162E02C9F600309224 /* bandcamp_watcher */;
			productType = "com.apple.product-type.tool";
		};
/* End PBXNativeTarget section */

/* Begin PBXProject section */
		FD3E170E2E02C9F600309224 /* Project object */ = {
			isa = PBXProject;
			attributes = {
				BuildIndependentTargetsInParallel = 1;
				LastUpgradeCheck = 2620;
				TargetAttributes = {
					FD35FB062F831D8800824B8C = {
						CreatedOnToolsVersion = 26.2;
					};
					FD35FB1D2F831FE100824B8C = {
						CreatedOnToolsVersion = 26.2;
					};
					FD3E17152E02C9F600309224 = {
						CreatedOnToolsVersion = 16.3;
					};
				};
			};
			buildConfigurationList = FD3E17112E02C9F600309224 /* Build configuration list for PBXProject "bandcamp_watcher" */;
			developmentRegion = en;
			hasScannedForEncodings = 0;
			knownRegions = (
				en,
				Base,
			);
			mainGroup = FD3E170D2E02C9F600309224;
			minimizedProjectReferenceProxies = 1;
			preferredProjectObjectVersion = 77;
			productRefGroup = FD3E17172E02C9F600309224 /* Products */;
			projectDirPath = "";
			projectRoot = "";
			targets = (
				FD3E17152E02C9F600309224 /* bandcamp_watcher */,
				FD35FB062F831D8800824B8C /* watcherlib */,
				FD35FB1D2F831FE100824B8C /* tests */,
			);
		};
/* End PBXProject section */

/* Begin PBXResourcesBuildPhase section */
		FD35FB1C2F831FE100824B8C /* Resources */ = {
			isa = PBXResourcesBuildPhase;
			buildActionMask = 2147483647;
			files = (
			);
			runOnlyForDeploymentPostprocessing = 0;
		};
/* End PBXResourcesBuildPhase section */

/* Begin PBXSourcesBuildPhase section */
		FD35FB042F831D8800824B8C /* Sources */ = {
			isa = PBXSourcesBuildPhase;
			buildActionMask = 2147483647;
			files = (
			);
			runOnlyForDeploymentPostprocessing = 0;
		};
		FD35FB1A2F831FE100824B8C /* Sources */ = {
			isa = PBXSourcesBuildPhase;
			buildActionMask = 2147483647;
			files = (
			);
			runOnlyForDeploymentPostprocessing = 0;
		};
		FD3E17122E02C9F600309224 /* Sources */ = {
			isa = PBXSourcesBuildPhase;
			buildActionMask = 2147483647;
			files = (
			);
			runOnlyForDeploymentPostprocessing = 0;
		};
/* End PBXSourcesBuildPhase section */

/* Begin PBXTargetDependency section */
		FD35FB122F831DCF00824B8C /* PBXTargetDependency */ = {
			isa = PBXTargetDependency;
			target = FD35FB062F831D8800824B8C /* watcherlib */;
			targetProxy = FD35FB112F831DCF00824B8C /* PBXContainerItemProxy */;
		};
		FD35FB242F831FE100824B8C /* PBXTargetDependency */ = {
			isa = PBXTargetDependency;
			target = FD35FB062F831D8800824B8C /* watcherlib */;
			targetProxy = FD35FB232F831FE100824B8C /* PBXContainerItemProxy */;
		};
/* End PBXTargetDependency section */

/* Begin XCBuildConfiguration section */
		FD35FB082F831D8800824B8C /* Debug */ = {
			isa = XCBuildConfiguration;
			buildSettings = {
				CODE_SIGN_STYLE = Automatic;
				DEVELOPMENT_TEAM = CC95DP9Z6B;
				EXECUTABLE_PREFIX = lib;
				MACOSX_DEPLOYMENT_TARGET = 26.0;
				PRODUCT_NAME = "$(TARGET_NAME)";
				SKIP_INSTALL = YES;
			};
			name = Debug;
		};
		FD35FB092F831D8800824B8C /* Release */ = {
			isa = XCBuildConfiguration;
			buildSettings = {
				CODE_SIGN_STYLE = Automatic;
				DEVELOPMENT_TEAM = CC95DP9Z6B;
				EXECUTABLE_PREFIX = lib;
				MACOSX_DEPLOYMENT_TARGET = 26.0;
				PRODUCT_NAME = "$(TARGET_NAME)";
				SKIP_INSTALL = YES;
			};
			name = Release;
		};
		FD35FB262F831FE100824B8C /* Debug */ = {
			isa = XCBuildConfiguration;
			buildSettings = {
				CODE_SIGN_STYLE = Automatic;
				CURRENT_PROJECT_VERSION = 1;
				DEVELOPMENT_TEAM = CC95DP9Z6B;
				GENERATE_INFOPLIST_FILE = YES;
				MACOSX_DEPLOYMENT_TARGET = 26.2;
				MARKETING_VERSION = 1.0;
				PRODUCT_BUNDLE_IDENTIFIER = bluesplatcomputers.tests;
				PRODUCT_NAME = "$(TARGET_NAME)";
				STRING_CATALOG_GENERATE_SYMBOLS = NO;
				SWIFT_EMIT_LOC_STRINGS = NO;
			};
			name = Debug;
		};
		FD35FB272F831FE100824B8C /* Release */ = {
			isa = XCBuildConfiguration;
			buildSettings = {
				CODE_SIGN_STYLE = Automatic;
				CURRENT_PROJECT_VERSION = 1;
				DEVELOPMENT_TEAM = CC95DP9Z6B;
				GENERATE_INFOPLIST_FILE = YES;
				MACOSX_DEPLOYMENT_TARGET = 26.2;
				MARKETING_VERSION = 1.0;
				PRODUCT_BUNDLE_IDENTIFIER = bluesplatcomputers.tests;
				PRODUCT_NAME = "$(TARGET_NAME)";
				STRING_CATALOG_GENERATE_SYMBOLS = NO;
				SWIFT_EMIT_LOC_STRINGS = NO;
			};
			name = Release;
		};
		FD3E171B2E02C9F600309224 /* Debug */ = {
			isa = XCBuildConfiguration;
			buildSettings = {
				ALWAYS_SEARCH_USER_PATHS = NO;
				ASSETCATALOG_COMPILER_GENERATE_SWIFT_ASSET_SYMBOL_EXTENSIONS = YES;
				CLANG_ANALYZER_NONNULL = YES;
				CLANG_ANALYZER_NUMBER_OBJECT_CONVERSION = YES_AGGRESSIVE;
				CLANG_CXX_LANGUAGE_STANDARD = "gnu++20";
				CLANG_ENABLE_MODULES = YES;
				CLANG_ENABLE_OBJC_ARC = YES;
				CLANG_ENABLE_OBJC_WEAK = YES;
				CLANG_WARN_BLOCK_CAPTURE_AUTORELEASING = YES;
				CLANG_WARN_BOOL_CONVERSION = YES;
				CLANG_WARN_COMMA = YES;
				CLANG_WARN_CONSTANT_CONVERSION = YES;
				CLANG_WARN_DEPRECATED_OBJC_IMPLEMENTATIONS = YES;
				CLANG_WARN_DIRECT_OBJC_ISA_USAGE = YES_ERROR;
				CLANG_WARN_DOCUMENTATION_COMMENTS = YES;
				CLANG_WARN_EMPTY_BODY = YES;
				CLANG_WARN_ENUM_CONVERSION = YES;
				CLANG_WARN_INFINITE_RECURSION = YES;
				CLANG_WARN_INT_CONVERSION = YES;
				CLANG_WARN_NON_LITERAL_NULL_CONVERSION = YES;
				CLANG_WARN_OBJC_IMPLICIT_RETAIN_SELF = YES;
				CLANG_WARN_OBJC_LITERAL_CONVERSION = YES;
				CLANG_WARN_OBJC_ROOT_CLASS = YES_ERROR;
				CLANG_WARN_QUOTED_INCLUDE_IN_FRAMEWORK_HEADER = YES;
				CLANG_WARN_RANGE_LOOP_ANALYSIS = YES;
				CLANG_WARN_STRICT_PROTOTYPES = YES;
				CLANG_WARN_SUSPICIOUS_MOVE = YES;
				CLANG_WARN_UNGUARDED_AVAILABILITY = YES_AGGRESSIVE;
				CLANG_WARN_UNREACHABLE_CODE = YES;
				CLANG_WARN__DUPLICATE_METHOD_MATCH = YES;
				COPY_PHASE_STRIP = NO;
				DEAD_CODE_STRIPPING = YES;
				DEBUG_INFORMATION_FORMAT = dwarf;
				ENABLE_STRICT_OBJC_MSGSEND = YES;
				ENABLE_TESTABILITY = YES;
				ENABLE_USER_SCRIPT_SANDBOXING = YES;
				GCC_C_LANGUAGE_STANDARD = gnu17;
				GCC_DYNAMIC_NO_PIC = NO;
				GCC_NO_COMMON_BLOCKS = YES;
				GCC_OPTIMIZATION_LEVEL = 0;
				GCC_PREPROCESSOR_DEFINITIONS = (
					"DEBUG=1",
					"$(inherited)",
				);
				GCC_WARN_64_TO_32_BIT_CONVERSION = YES;
				GCC_WARN_ABOUT_RETURN_TYPE = YES_ERROR;
				GCC_WARN_UNDECLARED_SELECTOR = YES;
				GCC_WARN_UNINITIALIZED_AUTOS = YES_AGGRESSIVE;
				GCC_WARN_UNUSED_FUNCTION = YES;
				GCC_WARN_UNUSED_VARIABLE = YES;
				LOCALIZATION_PREFERS_STRING_CATALOGS = YES;
				MACOSX_DEPLOYMENT_TARGET = 15.4;
				MTL_ENABLE_DEBUG_INFO = INCLUDE_SOURCE;
				MTL_FAST_MATH = YES;
				ONLY_ACTIVE_ARCH = YES;
				SDKROOT = macosx;
				STRING_CATALOG_GENERATE_SYMBOLS = YES;
			};
			name = Debug;
		};
		FD3E171C2E02C9F600309224 /* Release */ = {
			isa = XCBuildConfiguration;
			buildSettings = {
				ALWAYS_SEARCH_USER_PATHS = NO;
				ASSETCATALOG_COMPILER_GENERATE_SWIFT_ASSET_SYMBOL_EXTENSIONS = YES;
				CLANG_ANALYZER_NONNULL = YES;
				CLANG_ANALYZER_NUMBER_OBJECT_CONVERSION = YES_AGGRESSIVE;
				CLANG_CXX_LANGUAGE_STANDARD = "gnu++20";
				CLANG_ENABLE_MODULES = YES;
				CLANG_ENABLE_OBJC_ARC = YES;
				CLANG_ENABLE_OBJC_WEAK = YES;
				CLANG_WARN_BLOCK_CAPTURE_AUTORELEASING = YES;
				CLANG_WARN_BOOL_CONVERSION = YES;
				CLANG_WARN_COMMA = YES;
				CLANG_WARN_CONSTANT_CONVERSION = YES;
				CLANG_WARN_DEPRECATED_OBJC_IMPLEMENTATIONS = YES;
				CLANG_WARN_DIRECT_OBJC_ISA_USAGE = YES_ERROR;
				CLANG_WARN_DOCUMENTATION_COMMENTS = YES;
				CLANG_WARN_EMPTY_BODY = YES;
				CLANG_WARN_ENUM_CONVERSION = YES;
				CLANG_WARN_INFINITE_RECURSION = YES;
				CLANG_WARN_INT_CONVERSION = YES;
				CLANG_WARN_NON_LITERAL_NULL_CONVERSION = YES;
				CLANG_WARN_OBJC_IMPLICIT_RETAIN_SELF = YES;
				CLANG_WARN_OBJC_LITERAL_CONVERSION = YES;
				CLANG_WARN_OBJC_ROOT_CLASS = YES_ERROR;
				CLANG_WARN_QUOTED_INCLUDE_IN_FRAMEWORK_HEADER = YES;
				CLANG_WARN_RANGE_LOOP_ANALYSIS = YES;
				CLANG_WARN_STRICT_PROTOTYPES = YES;
				CLANG_WARN_SUSPICIOUS_MOVE = YES;
				CLANG_WARN_UNGUARDED_AVAILABILITY = YES_AGGRESSIVE;
				CLANG_WARN_UNREACHABLE_CODE = YES;
				CLANG_WARN__DUPLICATE_METHOD_MATCH = YES;
				COPY_PHASE_STRIP = NO;
				DEAD_CODE_STRIPPING = YES;
				DEBUG_INFORMATION_FORMAT = "dwarf-with-dsym";
				ENABLE_NS_ASSERTIONS = NO;
				ENABLE_STRICT_OBJC_MSGSEND = YES;
				ENABLE_USER_SCRIPT_SANDBOXING = YES;
				GCC_C_LANGUAGE_STANDARD = gnu17;
				GCC_NO_COMMON_BLOCKS = YES;
				GCC_WARN_64_TO_32_BIT_CONVERSION = YES;
				GCC_WARN_ABOUT_RETURN_TYPE = YES_ERROR;
				GCC_WARN_UNDECLARED_SELECTOR = YES;
				GCC_WARN_UNINITIALIZED_AUTOS = YES_AGGRESSIVE;
				GCC_WARN_UNUSED_FUNCTION = YES;
				GCC_WARN_UNUSED_VARIABLE = YES;
				LOCALIZATION_PREFERS_STRING_CATALOGS = YES;
				MACOSX_DEPLOYMENT_TARGET = 15.4;
				MTL_ENABLE_DEBUG_INFO = NO;
				MTL_FAST_MATH = YES;
				SDKROOT = macosx;
				STRING_CATALOG_GENERATE_SYMBOLS = YES;
			};
			name = Release;
		};
		FD3E171E2E02C9F600309224 /* Debug */ = {
			isa = XCBuildConfiguration;
			buildSettings = {
				CODE_SIGN_STYLE = Automatic;
				DEAD_CODE_STRIPPING = YES;
				MACOSX_DEPLOYMENT_TARGET = 26.0;
				PRODUCT_NAME = "$(TARGET_NAME)";
			};
			name = Debug;
		};
		FD3E171F2E02C9F600309224 /* Release */ = {
			isa = XCBuildConfiguration;
			buildSettings = {
				CODE_SIGN_STYLE = Automatic;
				DEAD_CODE_STRIPPING = YES;
				MACOSX_DEPLOYMENT_TARGET = 26.0;
				PRODUCT_NAME = "$(TARGET_NAME)";
			};
			name = Release;
		};
/* End XCBuildConfiguration section */

/* Begin XCConfigurationList section */
		FD35FB0A2F831D8800824B8C /* Build configuration list for PBXNativeTarget "watcherlib" */ = {
			isa = XCConfigurationList;
			buildConfigurations = (
				FD35FB082F831D8800824B8C /* Debug */,
				FD35FB092F831D8800824B8C /* Release */,
			);
			defaultConfigurationIsVisible = 0;
			defaultConfigurationName = Release;
		};
		FD35FB252F831FE100824B8C /* Build configuration list for PBXNativeTarget "tests" */ = {
			isa = XCConfigurationList;
			buildConfigurations = (
				FD35FB262F831FE100824B8C /* Debug */,
				FD35FB272F831FE100824B8C /* Release */,
			);
			defaultConfigurationIsVisible = 0;
			defaultConfigurationName = Release;
		};
		FD3E17112E02C9F600309224 /* Build configuration list for PBXProject "bandcamp_watcher" */ = {
			isa = XCConfigurationList;
			buildConfigurations = (
				FD3E171B2E02C9F600309224 /* Debug */,
				FD3E171C2E02C9F600309224 /* Release */,
			);
			defaultConfigurationIsVisible = 0;
			defaultConfigurationName = Release;
		};
		FD3E171D2E02C9F600309224 /* Build configuration list for PBXNativeTarget "bandcamp_watcher" */ = {
			isa = XCConfigurationList;
			buildConfigurations = (
				FD3E171E2E02C9F600309224 /* Debug */,
				FD3E171F2E02C9F600309224 /* Release */,
			);
			defaultConfigurationIsVisible = 0;
			defaultConfigurationName = Release;
		};
/* End XCConfigurationList section */
	};
	rootObject = FD3E170E2E02C9F600309224 /* Project object */;
}
